PODS:
  - links_Aplicativos (1.1.0)

DEPENDENCIES:
  - links_Aplicativos (from `../`)

EXTERNAL SOURCES:
  links_Aplicativos:
    :path: "../"

SPEC CHECKSUMS:
  links_Aplicativos: e76a50e47b6433cbcd0135a45b7e01b432a51bf8

PODFILE CHECKSUM: 4f7c97659e9723df622dce140c9f5a440aad77fd

COCOAPODS: 1.9.1
